// !$*UTF8*$!
{
	archiveVersion = 1;
	classes = {
	};
	objectVersion = 52;
	objects = {

/* Begin PBXBuildFile section */
		941B00AB234BEA2100BAA5D8 /* TextView.swift in Sources */ = {isa = PBXBuildFile; fileRef = 941B00AA234BEA2100BAA5D8 /* TextView.swift */; };
		942B72D12347F9000049EF5D /* ActivityIndicatorView.swift in Sources */ = {isa = PBXBuildFile; fileRef = 942B72D02347F9000049EF5D /* ActivityIndicatorView.swift */; };
		942B72D32348DA570049EF5D /* StatesView.swift in Sources */ = {isa = PBXBuildFile; fileRef = 942B72D22348DA570049EF5D /* StatesView.swift */; };
		942B72D7234A1E320049EF5D /* Fonts.swift in Sources */ = {isa = PBXBuildFile; fileRef = 942B72D6234A1E320049EF5D /* Fonts.swift */; };
		942B72D9234A52AF0049EF5D /* CommentView.swift in Sources */ = {isa = PBXBuildFile; fileRef = 942B72D8234A52AF0049EF5D /* CommentView.swift */; };
		943FCD2C232D13F30051B94C /* AppDelegate.swift in Sources */ = {isa = PBXBuildFile; fileRef = 943FCD2B232D13F30051B94C /* AppDelegate.swift */; };
		943FCD2E232D13F30051B94C /* SceneDelegate.swift in Sources */ = {isa = PBXBuildFile; fileRef = 943FCD2D232D13F30051B94C /* SceneDelegate.swift */; };
		943FCD30232D13F30051B94C /* HomeView.swift in Sources */ = {isa = PBXBuildFile; fileRef = 943FCD2F232D13F30051B94C /* HomeView.swift */; };
		943FCD32232D13F50051B94C /* Assets.xcassets in Resources */ = {isa = PBXBuildFile; fileRef = 943FCD31232D13F50051B94C /* Assets.xcassets */; };
		943FCD35232D13F50051B94C /* Preview Assets.xcassets in Resources */ = {isa = PBXBuildFile; fileRef = 943FCD34232D13F50051B94C /* Preview Assets.xcassets */; };
		943FCD38232D13F50051B94C /* LaunchScreen.storyboard in Resources */ = {isa = PBXBuildFile; fileRef = 943FCD36232D13F50051B94C /* LaunchScreen.storyboard */; };
		944AA834234783F100220BA8 /* WebViewContainerView.swift in Sources */ = {isa = PBXBuildFile; fileRef = 944AA833234783F100220BA8 /* WebViewContainerView.swift */; };
		9472051923463ABF00DF65F2 /* WebView.swift in Sources */ = {isa = PBXBuildFile; fileRef = 9472051823463ABF00DF65F2 /* WebView.swift */; };
		948B37CC2340F50E0062C229 /* JsonItem.swift in Sources */ = {isa = PBXBuildFile; fileRef = 948B37CB2340F50E0062C229 /* JsonItem.swift */; };
		948B37CE234101ED0062C229 /* ParentId.swift in Sources */ = {isa = PBXBuildFile; fileRef = 948B37CD234101ED0062C229 /* ParentId.swift */; };
		948B37D2234167FD0062C229 /* ItemCellView.swift in Sources */ = {isa = PBXBuildFile; fileRef = 948B37D1234167FD0062C229 /* ItemCellView.swift */; };
		948B37D523416B170062C229 /* DateExtensions.swift in Sources */ = {isa = PBXBuildFile; fileRef = 948B37D423416B170062C229 /* DateExtensions.swift */; };
		948B37D72343D9060062C229 /* ItemsView.swift in Sources */ = {isa = PBXBuildFile; fileRef = 948B37D62343D9060062C229 /* ItemsView.swift */; };
		948B37D92343DDD30062C229 /* ItemsViewModel.swift in Sources */ = {isa = PBXBuildFile; fileRef = 948B37D82343DDD30062C229 /* ItemsViewModel.swift */; };
		948B37E12344CD6B0062C229 /* Localizable.strings in Resources */ = {isa = PBXBuildFile; fileRef = 948B37E32344CD6B0062C229 /* Localizable.strings */; };
		948B37E62344D1A20062C229 /* Strings.swift in Sources */ = {isa = PBXBuildFile; fileRef = 948B37E52344D1A20062C229 /* Strings.swift */; };
		948B37E82345076C0062C229 /* ItemView.swift in Sources */ = {isa = PBXBuildFile; fileRef = 948B37E72345076C0062C229 /* ItemView.swift */; };
		94D55CC0234E811C00980326 /* LabelView.swift in Sources */ = {isa = PBXBuildFile; fileRef = 94D55CBF234E811C00980326 /* LabelView.swift */; };
		94E100F52332B0D700721E4D /* DatabaseManager.swift in Sources */ = {isa = PBXBuildFile; fileRef = 94E100F42332B0D700721E4D /* DatabaseManager.swift */; };
		94E100F82332BF3D00721E4D /* SQLite.framework in Frameworks */ = {isa = PBXBuildFile; fileRef = 94E100F72332BF3D00721E4D /* SQLite.framework */; };
		94E100FD2332E51300721E4D /* Item.swift in Sources */ = {isa = PBXBuildFile; fileRef = 94E100FC2332E51300721E4D /* Item.swift */; };
		94E101002333A7A200721E4D /* Logging in Frameworks */ = {isa = PBXBuildFile; productRef = 94E100FF2333A7A200721E4D /* Logging */; };
		94E101022333A8CB00721E4D /* Log.swift in Sources */ = {isa = PBXBuildFile; fileRef = 94E101012333A8CB00721E4D /* Log.swift */; };
		94E101042333D1EE00721E4D /* NetworkDataProvider.swift in Sources */ = {isa = PBXBuildFile; fileRef = 94E101032333D1EE00721E4D /* NetworkDataProvider.swift */; };
		94E101062333D63700721E4D /* ArrayExtensions.swift in Sources */ = {isa = PBXBuildFile; fileRef = 94E101052333D63700721E4D /* ArrayExtensions.swift */; };
		94E101082334397F00721E4D /* DataProvider.swift in Sources */ = {isa = PBXBuildFile; fileRef = 94E101072334397F00721E4D /* DataProvider.swift */; };
/* End PBXBuildFile section */

/* Begin PBXFileReference section */
		941B00AA234BEA2100BAA5D8 /* TextView.swift */ = {isa = PBXFileReference; lastKnownFileType = sourcecode.swift; path = TextView.swift; sourceTree = "<group>"; };
		942B72D02347F9000049EF5D /* ActivityIndicatorView.swift */ = {isa = PBXFileReference; lastKnownFileType = sourcecode.swift; path = ActivityIndicatorView.swift; sourceTree = "<group>"; };
		942B72D22348DA570049EF5D /* StatesView.swift */ = {isa = PBXFileReference; lastKnownFileType = sourcecode.swift; path = StatesView.swift; sourceTree = "<group>"; };
		942B72D6234A1E320049EF5D /* Fonts.swift */ = {isa = PBXFileReference; lastKnownFileType = sourcecode.swift; path = Fonts.swift; sourceTree = "<group>"; };
		942B72D8234A52AF0049EF5D /* CommentView.swift */ = {isa = PBXFileReference; lastKnownFileType = sourcecode.swift; path = CommentView.swift; sourceTree = "<group>"; };
		943FCD28232D13F30051B94C /* yahna.app */ = {isa = PBXFileReference; explicitFileType = wrapper.application; includeInIndex = 0; path = yahna.app; sourceTree = BUILT_PRODUCTS_DIR; };
		943FCD2B232D13F30051B94C /* AppDelegate.swift */ = {isa = PBXFileReference; lastKnownFileType = sourcecode.swift; path = AppDelegate.swift; sourceTree = "<group>"; };
		943FCD2D232D13F30051B94C /* SceneDelegate.swift */ = {isa = PBXFileReference; lastKnownFileType = sourcecode.swift; path = SceneDelegate.swift; sourceTree = "<group>"; };
		943FCD2F232D13F30051B94C /* HomeView.swift */ = {isa = PBXFileReference; lastKnownFileType = sourcecode.swift; path = HomeView.swift; sourceTree = "<group>"; };
		943FCD31232D13F50051B94C /* Assets.xcassets */ = {isa = PBXFileReference; lastKnownFileType = folder.assetcatalog; path = Assets.xcassets; sourceTree = "<group>"; };
		943FCD34232D13F50051B94C /* Preview Assets.xcassets */ = {isa = PBXFileReference; lastKnownFileType = folder.assetcatalog; path = "Preview Assets.xcassets"; sourceTree = "<group>"; };
		943FCD37232D13F50051B94C /* Base */ = {isa = PBXFileReference; lastKnownFileType = file.storyboard; name = Base; path = Base.lproj/LaunchScreen.storyboard; sourceTree = "<group>"; };
		943FCD39232D13F50051B94C /* Info.plist */ = {isa = PBXFileReference; lastKnownFileType = text.plist.xml; path = Info.plist; sourceTree = "<group>"; };
		943FCD3F232D14C60051B94C /* yahna.entitlements */ = {isa = PBXFileReference; lastKnownFileType = text.plist.entitlements; path = yahna.entitlements; sourceTree = "<group>"; };
		944AA833234783F100220BA8 /* WebViewContainerView.swift */ = {isa = PBXFileReference; lastKnownFileType = sourcecode.swift; path = WebViewContainerView.swift; sourceTree = "<group>"; };
		9472051823463ABF00DF65F2 /* WebView.swift */ = {isa = PBXFileReference; lastKnownFileType = sourcecode.swift; path = WebView.swift; sourceTree = "<group>"; };
		948B37CB2340F50E0062C229 /* JsonItem.swift */ = {isa = PBXFileReference; lastKnownFileType = sourcecode.swift; path = JsonItem.swift; sourceTree = "<group>"; };
		948B37CD234101ED0062C229 /* ParentId.swift */ = {isa = PBXFileReference; lastKnownFileType = sourcecode.swift; path = ParentId.swift; sourceTree = "<group>"; };
		948B37D1234167FD0062C229 /* ItemCellView.swift */ = {isa = PBXFileReference; lastKnownFileType = sourcecode.swift; path = ItemCellView.swift; sourceTree = "<group>"; };
		948B37D423416B170062C229 /* DateExtensions.swift */ = {isa = PBXFileReference; lastKnownFileType = sourcecode.swift; path = DateExtensions.swift; sourceTree = "<group>"; };
		948B37D62343D9060062C229 /* ItemsView.swift */ = {isa = PBXFileReference; lastKnownFileType = sourcecode.swift; path = ItemsView.swift; sourceTree = "<group>"; };
		948B37D82343DDD30062C229 /* ItemsViewModel.swift */ = {isa = PBXFileReference; lastKnownFileType = sourcecode.swift; path = ItemsViewModel.swift; sourceTree = "<group>"; };
		948B37E22344CD6B0062C229 /* en */ = {isa = PBXFileReference; lastKnownFileType = text.plist.strings; name = en; path = en.lproj/Localizable.strings; sourceTree = "<group>"; };
		948B37E42344CE130062C229 /* es */ = {isa = PBXFileReference; lastKnownFileType = text.plist.strings; name = es; path = es.lproj/Localizable.strings; sourceTree = "<group>"; };
		948B37E52344D1A20062C229 /* Strings.swift */ = {isa = PBXFileReference; lastKnownFileType = sourcecode.swift; path = Strings.swift; sourceTree = "<group>"; };
		948B37E72345076C0062C229 /* ItemView.swift */ = {isa = PBXFileReference; lastKnownFileType = sourcecode.swift; path = ItemView.swift; sourceTree = "<group>"; };
		94D55CBF234E811C00980326 /* LabelView.swift */ = {isa = PBXFileReference; lastKnownFileType = sourcecode.swift; path = LabelView.swift; sourceTree = "<group>"; };
		94E100F42332B0D700721E4D /* DatabaseManager.swift */ = {isa = PBXFileReference; lastKnownFileType = sourcecode.swift; path = DatabaseManager.swift; sourceTree = "<group>"; };
		94E100F72332BF3D00721E4D /* SQLite.framework */ = {isa = PBXFileReference; lastKnownFileType = wrapper.framework; name = SQLite.framework; path = yahna/Carthage/Build/iOS/SQLite.framework; sourceTree = "<group>"; };
		94E100FC2332E51300721E4D /* Item.swift */ = {isa = PBXFileReference; lastKnownFileType = sourcecode.swift; path = Item.swift; sourceTree = "<group>"; };
		94E101012333A8CB00721E4D /* Log.swift */ = {isa = PBXFileReference; lastKnownFileType = sourcecode.swift; path = Log.swift; sourceTree = "<group>"; };
		94E101032333D1EE00721E4D /* NetworkDataProvider.swift */ = {isa = PBXFileReference; lastKnownFileType = sourcecode.swift; path = NetworkDataProvider.swift; sourceTree = "<group>"; };
		94E101052333D63700721E4D /* ArrayExtensions.swift */ = {isa = PBXFileReference; lastKnownFileType = sourcecode.swift; path = ArrayExtensions.swift; sourceTree = "<group>"; };
		94E101072334397F00721E4D /* DataProvider.swift */ = {isa = PBXFileReference; lastKnownFileType = sourcecode.swift; path = DataProvider.swift; sourceTree = "<group>"; };
/* End PBXFileReference section */

/* Begin PBXFrameworksBuildPhase section */
		943FCD25232D13F30051B94C /* Frameworks */ = {
			isa = PBXFrameworksBuildPhase;
			buildActionMask = 2147483647;
			files = (
				94E101002333A7A200721E4D /* Logging in Frameworks */,
				94E100F82332BF3D00721E4D /* SQLite.framework in Frameworks */,
			);
			runOnlyForDeploymentPostprocessing = 0;
		};
/* End PBXFrameworksBuildPhase section */

/* Begin PBXGroup section */
		943FCD1F232D13F30051B94C = {
			isa = PBXGroup;
			children = (
				943FCD2A232D13F30051B94C /* yahna */,
				943FCD29232D13F30051B94C /* Products */,
				94E100F62332BF3D00721E4D /* Frameworks */,
			);
			sourceTree = "<group>";
		};
		943FCD29232D13F30051B94C /* Products */ = {
			isa = PBXGroup;
			children = (
				943FCD28232D13F30051B94C /* yahna.app */,
			);
			name = Products;
			sourceTree = "<group>";
		};
		943FCD2A232D13F30051B94C /* yahna */ = {
			isa = PBXGroup;
			children = (
				948B37D323416B020062C229 /* Utils */,
				94E1010923366E6600721E4D /* Views */,
				94E100F32332AFA800721E4D /* Core */,
				943FCD3F232D14C60051B94C /* yahna.entitlements */,
				943FCD2B232D13F30051B94C /* AppDelegate.swift */,
				943FCD2D232D13F30051B94C /* SceneDelegate.swift */,
				943FCD31232D13F50051B94C /* Assets.xcassets */,
				943FCD36232D13F50051B94C /* LaunchScreen.storyboard */,
				943FCD39232D13F50051B94C /* Info.plist */,
				943FCD33232D13F50051B94C /* Preview Content */,
				948B37E32344CD6B0062C229 /* Localizable.strings */,
			);
			path = yahna;
			sourceTree = "<group>";
		};
		943FCD33232D13F50051B94C /* Preview Content */ = {
			isa = PBXGroup;
			children = (
				943FCD34232D13F50051B94C /* Preview Assets.xcassets */,
			);
			path = "Preview Content";
			sourceTree = "<group>";
		};
		948B37D323416B020062C229 /* Utils */ = {
			isa = PBXGroup;
			children = (
				948B37D423416B170062C229 /* DateExtensions.swift */,
			);
			name = Utils;
			sourceTree = "<group>";
		};
		94E100F32332AFA800721E4D /* Core */ = {
			isa = PBXGroup;
			children = (
				94E100F42332B0D700721E4D /* DatabaseManager.swift */,
				94E100FC2332E51300721E4D /* Item.swift */,
				94E101012333A8CB00721E4D /* Log.swift */,
				94E101032333D1EE00721E4D /* NetworkDataProvider.swift */,
				94E101052333D63700721E4D /* ArrayExtensions.swift */,
				94E101072334397F00721E4D /* DataProvider.swift */,
				948B37CB2340F50E0062C229 /* JsonItem.swift */,
				948B37CD234101ED0062C229 /* ParentId.swift */,
				948B37D82343DDD30062C229 /* ItemsViewModel.swift */,
				948B37E52344D1A20062C229 /* Strings.swift */,
				942B72D6234A1E320049EF5D /* Fonts.swift */,
			);
			path = Core;
			sourceTree = "<group>";
		};
		94E100F62332BF3D00721E4D /* Frameworks */ = {
			isa = PBXGroup;
			children = (
				94E100F72332BF3D00721E4D /* SQLite.framework */,
			);
			name = Frameworks;
			sourceTree = "<group>";
		};
		94E1010923366E6600721E4D /* Views */ = {
			isa = PBXGroup;
			children = (
				943FCD2F232D13F30051B94C /* HomeView.swift */,
				948B37D1234167FD0062C229 /* ItemCellView.swift */,
				948B37D62343D9060062C229 /* ItemsView.swift */,
				948B37E72345076C0062C229 /* ItemView.swift */,
				9472051823463ABF00DF65F2 /* WebView.swift */,
				944AA833234783F100220BA8 /* WebViewContainerView.swift */,
				942B72D02347F9000049EF5D /* ActivityIndicatorView.swift */,
				942B72D22348DA570049EF5D /* StatesView.swift */,
				942B72D8234A52AF0049EF5D /* CommentView.swift */,
				941B00AA234BEA2100BAA5D8 /* TextView.swift */,
				94D55CBF234E811C00980326 /* LabelView.swift */,
			);
			path = Views;
			sourceTree = "<group>";
		};
/* End PBXGroup section */

/* Begin PBXNativeTarget section */
		943FCD27232D13F30051B94C /* yahna */ = {
			isa = PBXNativeTarget;
			buildConfigurationList = 943FCD3C232D13F50051B94C /* Build configuration list for PBXNativeTarget "yahna" */;
			buildPhases = (
				943FCD24232D13F30051B94C /* Sources */,
				943FCD25232D13F30051B94C /* Frameworks */,
				943FCD26232D13F30051B94C /* Resources */,
				94E100FB2332BF6C00721E4D /* Run carthage copy-frameworks */,
			);
			buildRules = (
			);
			dependencies = (
			);
			name = yahna;
			packageProductDependencies = (
				94E100FF2333A7A200721E4D /* Logging */,
			);
			productName = yahna;
			productReference = 943FCD28232D13F30051B94C /* yahna.app */;
			productType = "com.apple.product-type.application";
		};
/* End PBXNativeTarget section */

/* Begin PBXProject section */
		943FCD20232D13F30051B94C /* Project object */ = {
			isa = PBXProject;
			attributes = {
				LastSwiftUpdateCheck = 1100;
				LastUpgradeCheck = 1100;
				ORGANIZATIONNAME = "Ernesto Badillo";
				TargetAttributes = {
					943FCD27232D13F30051B94C = {
						CreatedOnToolsVersion = 11.0;
					};
				};
			};
			buildConfigurationList = 943FCD23232D13F30051B94C /* Build configuration list for PBXProject "yahna" */;
			compatibilityVersion = "Xcode 9.3";
			developmentRegion = en;
			hasScannedForEncodings = 0;
			knownRegions = (
				en,
				Base,
				es,
			);
			mainGroup = 943FCD1F232D13F30051B94C;
			packageReferences = (
				94E100FE2333A7A200721E4D /* XCRemoteSwiftPackageReference "swift-log" */,
			);
			productRefGroup = 943FCD29232D13F30051B94C /* Products */;
			projectDirPath = "";
			projectRoot = "";
			targets = (
				943FCD27232D13F30051B94C /* yahna */,
			);
		};
/* End PBXProject section */

/* Begin PBXResourcesBuildPhase section */
		943FCD26232D13F30051B94C /* Resources */ = {
			isa = PBXResourcesBuildPhase;
			buildActionMask = 2147483647;
			files = (
				943FCD38232D13F50051B94C /* LaunchScreen.storyboard in Resources */,
				948B37E12344CD6B0062C229 /* Localizable.strings in Resources */,
				943FCD35232D13F50051B94C /* Preview Assets.xcassets in Resources */,
				943FCD32232D13F50051B94C /* Assets.xcassets in Resources */,
			);
			runOnlyForDeploymentPostprocessing = 0;
		};
/* End PBXResourcesBuildPhase section */

/* Begin PBXShellScriptBuildPhase section */
		94E100FB2332BF6C00721E4D /* Run carthage copy-frameworks */ = {
			isa = PBXShellScriptBuildPhase;
			buildActionMask = 2147483647;
			files = (
			);
			inputFileListPaths = (
				"$(SRCROOT)/input.xcfilelist",
			);
			inputPaths = (
			);
			name = "Run carthage copy-frameworks";
			outputFileListPaths = (
				"$(SRCROOT)/output.xcfilelist",
			);
			outputPaths = (
			);
			runOnlyForDeploymentPostprocessing = 0;
			shellPath = /bin/sh;
			shellScript = "# Type a script or drag a script file from your workspace to insert its path.\n/usr/local/bin/carthage copy-frameworks\n";
		};
/* End PBXShellScriptBuildPhase section */

/* Begin PBXSourcesBuildPhase section */
		943FCD24232D13F30051B94C /* Sources */ = {
			isa = PBXSourcesBuildPhase;
			buildActionMask = 2147483647;
			files = (
				948B37CE234101ED0062C229 /* ParentId.swift in Sources */,
				948B37D92343DDD30062C229 /* ItemsViewModel.swift in Sources */,
				942B72D32348DA570049EF5D /* StatesView.swift in Sources */,
				944AA834234783F100220BA8 /* WebViewContainerView.swift in Sources */,
				942B72D9234A52AF0049EF5D /* CommentView.swift in Sources */,
				943FCD2C232D13F30051B94C /* AppDelegate.swift in Sources */,
				94E101062333D63700721E4D /* ArrayExtensions.swift in Sources */,
				948B37D2234167FD0062C229 /* ItemCellView.swift in Sources */,
				94E100F52332B0D700721E4D /* DatabaseManager.swift in Sources */,
				94D55CC0234E811C00980326 /* LabelView.swift in Sources */,
				941B00AB234BEA2100BAA5D8 /* TextView.swift in Sources */,
				942B72D7234A1E320049EF5D /* Fonts.swift in Sources */,
				94E101082334397F00721E4D /* DataProvider.swift in Sources */,
				94E100FD2332E51300721E4D /* Item.swift in Sources */,
				943FCD2E232D13F30051B94C /* SceneDelegate.swift in Sources */,
				948B37CC2340F50E0062C229 /* JsonItem.swift in Sources */,
				948B37E62344D1A20062C229 /* Strings.swift in Sources */,
				94E101042333D1EE00721E4D /* NetworkDataProvider.swift in Sources */,
				948B37D72343D9060062C229 /* ItemsView.swift in Sources */,
				942B72D12347F9000049EF5D /* ActivityIndicatorView.swift in Sources */,
				943FCD30232D13F30051B94C /* HomeView.swift in Sources */,
				948B37E82345076C0062C229 /* ItemView.swift in Sources */,
				9472051923463ABF00DF65F2 /* WebView.swift in Sources */,
				94E101022333A8CB00721E4D /* Log.swift in Sources */,
				948B37D523416B170062C229 /* DateExtensions.swift in Sources */,
			);
			runOnlyForDeploymentPostprocessing = 0;
		};
/* End PBXSourcesBuildPhase section */

/* Begin PBXVariantGroup section */
		943FCD36232D13F50051B94C /* LaunchScreen.storyboard */ = {
			isa = PBXVariantGroup;
			children = (
				943FCD37232D13F50051B94C /* Base */,
			);
			name = LaunchScreen.storyboard;
			sourceTree = "<group>";
		};
		948B37E32344CD6B0062C229 /* Localizable.strings */ = {
			isa = PBXVariantGroup;
			children = (
				948B37E22344CD6B0062C229 /* en */,
				948B37E42344CE130062C229 /* es */,
			);
			name = Localizable.strings;
			sourceTree = "<group>";
		};
/* End PBXVariantGroup section */

/* Begin XCBuildConfiguration section */
		943FCD3A232D13F50051B94C /* Debug */ = {
			isa = XCBuildConfiguration;
			buildSettings = {
				ALWAYS_SEARCH_USER_PATHS = NO;
				CLANG_ANALYZER_LOCALIZABILITY_NONLOCALIZED = YES;
				CLANG_ANALYZER_NONNULL = YES;
				CLANG_ANALYZER_NUMBER_OBJECT_CONVERSION = YES_AGGRESSIVE;
				CLANG_CXX_LANGUAGE_STANDARD = "gnu++14";
				CLANG_CXX_LIBRARY = "libc++";
				CLANG_ENABLE_MODULES = YES;
				CLANG_ENABLE_OBJC_ARC = YES;
				CLANG_ENABLE_OBJC_WEAK = YES;
				CLANG_WARN_BLOCK_CAPTURE_AUTORELEASING = YES;
				CLANG_WARN_BOOL_CONVERSION = YES;
				CLANG_WARN_COMMA = YES;
				CLANG_WARN_CONSTANT_CONVERSION = YES;
				CLANG_WARN_DEPRECATED_OBJC_IMPLEMENTATIONS = YES;
				CLANG_WARN_DIRECT_OBJC_ISA_USAGE = YES_ERROR;
				CLANG_WARN_DOCUMENTATION_COMMENTS = YES;
				CLANG_WARN_EMPTY_BODY = YES;
				CLANG_WARN_ENUM_CONVERSION = YES;
				CLANG_WARN_INFINITE_RECURSION = YES;
				CLANG_WARN_INT_CONVERSION = YES;
				CLANG_WARN_NON_LITERAL_NULL_CONVERSION = YES;
				CLANG_WARN_OBJC_IMPLICIT_RETAIN_SELF = YES;
				CLANG_WARN_OBJC_LITERAL_CONVERSION = YES;
				CLANG_WARN_OBJC_ROOT_CLASS = YES_ERROR;
				CLANG_WARN_RANGE_LOOP_ANALYSIS = YES;
				CLANG_WARN_STRICT_PROTOTYPES = YES;
				CLANG_WARN_SUSPICIOUS_MOVE = YES;
				CLANG_WARN_UNGUARDED_AVAILABILITY = YES_AGGRESSIVE;
				CLANG_WARN_UNREACHABLE_CODE = YES;
				CLANG_WARN__DUPLICATE_METHOD_MATCH = YES;
				COPY_PHASE_STRIP = NO;
				DEBUG_INFORMATION_FORMAT = dwarf;
				ENABLE_STRICT_OBJC_MSGSEND = YES;
				ENABLE_TESTABILITY = YES;
				GCC_C_LANGUAGE_STANDARD = gnu11;
				GCC_DYNAMIC_NO_PIC = NO;
				GCC_NO_COMMON_BLOCKS = YES;
				GCC_OPTIMIZATION_LEVEL = 0;
				GCC_PREPROCESSOR_DEFINITIONS = (
					"DEBUG=1",
					"$(inherited)",
				);
				GCC_WARN_64_TO_32_BIT_CONVERSION = YES;
				GCC_WARN_ABOUT_RETURN_TYPE = YES_ERROR;
				GCC_WARN_UNDECLARED_SELECTOR = YES;
				GCC_WARN_UNINITIALIZED_AUTOS = YES_AGGRESSIVE;
				GCC_WARN_UNUSED_FUNCTION = YES;
				GCC_WARN_UNUSED_VARIABLE = YES;
				IPHONEOS_DEPLOYMENT_TARGET = 13.0;
				MTL_ENABLE_DEBUG_INFO = INCLUDE_SOURCE;
				MTL_FAST_MATH = YES;
				ONLY_ACTIVE_ARCH = YES;
				SDKROOT = iphoneos;
				SWIFT_ACTIVE_COMPILATION_CONDITIONS = DEBUG;
				SWIFT_OPTIMIZATION_LEVEL = "-Onone";
			};
			name = Debug;
		};
		943FCD3B232D13F50051B94C /* Release */ = {
			isa = XCBuildConfiguration;
			buildSettings = {
				ALWAYS_SEARCH_USER_PATHS = NO;
				CLANG_ANALYZER_LOCALIZABILITY_NONLOCALIZED = YES;
				CLANG_ANALYZER_NONNULL = YES;
				CLANG_ANALYZER_NUMBER_OBJECT_CONVERSION = YES_AGGRESSIVE;
				CLANG_CXX_LANGUAGE_STANDARD = "gnu++14";
				CLANG_CXX_LIBRARY = "libc++";
				CLANG_ENABLE_MODULES = YES;
				CLANG_ENABLE_OBJC_ARC = YES;
				CLANG_ENABLE_OBJC_WEAK = YES;
				CLANG_WARN_BLOCK_CAPTURE_AUTORELEASING = YES;
				CLANG_WARN_BOOL_CONVERSION = YES;
				CLANG_WARN_COMMA = YES;
				CLANG_WARN_CONSTANT_CONVERSION = YES;
				CLANG_WARN_DEPRECATED_OBJC_IMPLEMENTATIONS = YES;
				CLANG_WARN_DIRECT_OBJC_ISA_USAGE = YES_ERROR;
				CLANG_WARN_DOCUMENTATION_COMMENTS = YES;
				CLANG_WARN_EMPTY_BODY = YES;
				CLANG_WARN_ENUM_CONVERSION = YES;
				CLANG_WARN_INFINITE_RECURSION = YES;
				CLANG_WARN_INT_CONVERSION = YES;
				CLANG_WARN_NON_LITERAL_NULL_CONVERSION = YES;
				CLANG_WARN_OBJC_IMPLICIT_RETAIN_SELF = YES;
				CLANG_WARN_OBJC_LITERAL_CONVERSION = YES;
				CLANG_WARN_OBJC_ROOT_CLASS = YES_ERROR;
				CLANG_WARN_RANGE_LOOP_ANALYSIS = YES;
				CLANG_WARN_STRICT_PROTOTYPES = YES;
				CLANG_WARN_SUSPICIOUS_MOVE = YES;
				CLANG_WARN_UNGUARDED_AVAILABILITY = YES_AGGRESSIVE;
				CLANG_WARN_UNREACHABLE_CODE = YES;
				CLANG_WARN__DUPLICATE_METHOD_MATCH = YES;
				COPY_PHASE_STRIP = NO;
				DEBUG_INFORMATION_FORMAT = "dwarf-with-dsym";
				ENABLE_NS_ASSERTIONS = NO;
				ENABLE_STRICT_OBJC_MSGSEND = YES;
				GCC_C_LANGUAGE_STANDARD = gnu11;
				GCC_NO_COMMON_BLOCKS = YES;
				GCC_WARN_64_TO_32_BIT_CONVERSION = YES;
				GCC_WARN_ABOUT_RETURN_TYPE = YES_ERROR;
				GCC_WARN_UNDECLARED_SELECTOR = YES;
				GCC_WARN_UNINITIALIZED_AUTOS = YES_AGGRESSIVE;
				GCC_WARN_UNUSED_FUNCTION = YES;
				GCC_WARN_UNUSED_VARIABLE = YES;
				IPHONEOS_DEPLOYMENT_TARGET = 13.0;
				MTL_ENABLE_DEBUG_INFO = NO;
				MTL_FAST_MATH = YES;
				SDKROOT = iphoneos;
				SWIFT_COMPILATION_MODE = wholemodule;
				SWIFT_OPTIMIZATION_LEVEL = "-O";
				VALIDATE_PRODUCT = YES;
			};
			name = Release;
		};
		943FCD3D232D13F50051B94C /* Debug */ = {
			isa = XCBuildConfiguration;
			buildSettings = {
				ASSETCATALOG_COMPILER_APPICON_NAME = AppIcon;
				CODE_SIGN_ENTITLEMENTS = yahna/yahna.entitlements;
				CODE_SIGN_STYLE = Automatic;
				DERIVE_MACCATALYST_PRODUCT_BUNDLE_IDENTIFIER = YES;
				DEVELOPMENT_ASSET_PATHS = "\"yahna/Preview Content\"";
				DEVELOPMENT_TEAM = L6JHATKQBA;
				ENABLE_PREVIEWS = YES;
				FRAMEWORK_SEARCH_PATHS = (
					"$(inherited)",
					"$(PROJECT_DIR)/yahna/Carthage/Build/iOS",
				);
				INFOPLIST_FILE = yahna/Info.plist;
				LD_RUNPATH_SEARCH_PATHS = (
					"$(inherited)",
					"@executable_path/Frameworks",
				);
				PRODUCT_BUNDLE_IDENTIFIER = com.ernestobad.yahna;
				PRODUCT_NAME = "$(TARGET_NAME)";
				SUPPORTS_MACCATALYST = YES;
				SWIFT_VERSION = 5.0;
				TARGETED_DEVICE_FAMILY = "1,2";
			};
			name = Debug;
		};
		943FCD3E232D13F50051B94C /* Release */ = {
			isa = XCBuildConfiguration;
			buildSettings = {
				ASSETCATALOG_COMPILER_APPICON_NAME = AppIcon;
				CODE_SIGN_ENTITLEMENTS = yahna/yahna.entitlements;
				CODE_SIGN_STYLE = Automatic;
				DERIVE_MACCATALYST_PRODUCT_BUNDLE_IDENTIFIER = YES;
				DEVELOPMENT_ASSET_PATHS = "\"yahna/Preview Content\"";
				DEVELOPMENT_TEAM = L6JHATKQBA;
				ENABLE_PREVIEWS = YES;
				FRAMEWORK_SEARCH_PATHS = (
					"$(inherited)",
					"$(PROJECT_DIR)/yahna/Carthage/Build/iOS",
				);
				INFOPLIST_FILE = yahna/Info.plist;
				LD_RUNPATH_SEARCH_PATHS = (
					"$(inherited)",
					"@executable_path/Frameworks",
				);
				PRODUCT_BUNDLE_IDENTIFIER = com.ernestobad.yahna;
				PRODUCT_NAME = "$(TARGET_NAME)";
				SUPPORTS_MACCATALYST = YES;
				SWIFT_VERSION = 5.0;
				TARGETED_DEVICE_FAMILY = "1,2";
			};
			name = Release;
		};
/* End XCBuildConfiguration section */

/* Begin XCConfigurationList section */
		943FCD23232D13F30051B94C /* Build configuration list for PBXProject "yahna" */ = {
			isa = XCConfigurationList;
			buildConfigurations = (
				943FCD3A232D13F50051B94C /* Debug */,
				943FCD3B232D13F50051B94C /* Release */,
			);
			defaultConfigurationIsVisible = 0;
			defaultConfigurationName = Release;
		};
		943FCD3C232D13F50051B94C /* Build configuration list for PBXNativeTarget "yahna" */ = {
			isa = XCConfigurationList;
			buildConfigurations = (
				943FCD3D232D13F50051B94C /* Debug */,
				943FCD3E232D13F50051B94C /* Release */,
			);
			defaultConfigurationIsVisible = 0;
			defaultConfigurationName = Release;
		};
/* End XCConfigurationList section */

/* Begin XCRemoteSwiftPackageReference section */
		94E100FE2333A7A200721E4D /* XCRemoteSwiftPackageReference "swift-log" */ = {
			isa = XCRemoteSwiftPackageReference;
			repositoryURL = "https://github.com/apple/swift-log.git";
			requirement = {
				kind = exactVersion;
				version = 1.1.1;
			};
		};
/* End XCRemoteSwiftPackageReference section */

/* Begin XCSwiftPackageProductDependency section */
		94E100FF2333A7A200721E4D /* Logging */ = {
			isa = XCSwiftPackageProductDependency;
			package = 94E100FE2333A7A200721E4D /* XCRemoteSwiftPackageReference "swift-log" */;
			productName = Logging;
		};
/* End XCSwiftPackageProductDependency section */
	};
	rootObject = 943FCD20232D13F30051B94C /* Project object */;
}
